
Microsoft Visual Studio Solution File, Format Version 12.00
# Visual Studio Version 17
VisualStudioVersion = 17.4.33205.214
MinimumVisualStudioVersion = 10.0.40219.1
Project("{FAE04EC0-301F-11D3-BF4B-00C04F79EFBC}") = "SpikeRest", "SpikeRest\SpikeRest.csproj", "{11C1A0C4-E6CD-4DEB-BE2F-B4747C4A1325}"
EndProject
Global
	GlobalSection(SolutionConfigurationPlatforms) = preSolution
		Debug|Any CPU = Debug|Any CPU
		Release|Any CPU = Release|Any CPU
	EndGlobalSection
	GlobalSection(ProjectConfigurationPlatforms) = postSolution
		{11C1A0C4-E6CD-4DEB-BE2F-B4747C4A1325}.Debug|Any CPU.ActiveCfg = Debug|Any CPU
		{11C1A0C4-E6CD-4DEB-BE2F-B4747C4A1325}.Debug|Any CPU.Build.0 = Debug|Any CPU
		{11C1A0C4-E6CD-4DEB-BE2F-B4747C4A1325}.Release|Any CPU.ActiveCfg = Release|Any CPU
		{11C1A0C4-E6CD-4DEB-BE2F-B4747C4A1325}.Release|Any CPU.Build.0 = Release|Any CPU
	EndGlobalSection
	GlobalSection(SolutionProperties) = preSolution
		HideSolutionNode = FALSE
	EndGlobalSection
	GlobalSection(ExtensibilityGlobals) = postSolution
		SolutionGuid = {3CF21097-2DF1-48F6-8E68-9C4A36D3D81E}
	EndGlobalSection
EndGlobal
